
Microsoft Visual Studio Solution File, Format Version 12.00
# Visual Studio 15
VisualStudioVersion = 15.0.26730.12
MinimumVisualStudioVersion = 10.0.40219.1
Project("{FAE04EC0-301F-11D3-BF4B-00C04F79EFBC}") = "graphDrawer", "graphDrawer\graphDrawer.csproj", "{46477EE7-B403-4838-85BF-1E6961B8DF34}"
EndProject
Global
	GlobalSection(SolutionConfigurationPlatforms) = preSolution
		Debug|Any CPU = Debug|Any CPU
		Release|Any CPU = Release|Any CPU
	EndGlobalSection
	GlobalSection(ProjectConfigurationPlatforms) = postSolution
		{46477EE7-B403-4838-85BF-1E6961B8DF34}.Debug|Any CPU.ActiveCfg = Debug|Any CPU
		{46477EE7-B403-4838-85BF-1E6961B8DF34}.Debug|Any CPU.Build.0 = Debug|Any CPU
		{46477EE7-B403-4838-85BF-1E6961B8DF34}.Release|Any CPU.ActiveCfg = Release|Any CPU
		{46477EE7-B403-4838-85BF-1E6961B8DF34}.Release|Any CPU.Build.0 = Release|Any CPU
	EndGlobalSection
	GlobalSection(SolutionProperties) = preSolution
		HideSolutionNode = FALSE
	EndGlobalSection
	GlobalSection(ExtensibilityGlobals) = postSolution
		SolutionGuid = {EFE2102C-F4FD-4765-95EA-186DF08D03F1}
	EndGlobalSection
EndGlobal
